
Microsoft Visual Studio Solution File, Format Version 11.00
# Visual Studio 2010 Express for Windows Phone
Project("{FAE04EC0-301F-11D3-BF4B-00C04F79EFBC}") = "Demo_WP7_Navegacion", "Demo_WP7_Navegacion\Demo_WP7_Navegacion.csproj", "{F1286F8D-382C-4B6A-9D4E-4F3CA3C7FB28}"
EndProject
Global
	GlobalSection(SolutionConfigurationPlatforms) = preSolution
		Debug|Any CPU = Debug|Any CPU
		Release|Any CPU = Release|Any CPU
	EndGlobalSection
	GlobalSection(ProjectConfigurationPlatforms) = postSolution
		{F1286F8D-382C-4B6A-9D4E-4F3CA3C7FB28}.Debug|Any CPU.ActiveCfg = Debug|Any CPU
		{F1286F8D-382C-4B6A-9D4E-4F3CA3C7FB28}.Debug|Any CPU.Build.0 = Debug|Any CPU
		{F1286F8D-382C-4B6A-9D4E-4F3CA3C7FB28}.Debug|Any CPU.Deploy.0 = Debug|Any CPU
		{F1286F8D-382C-4B6A-9D4E-4F3CA3C7FB28}.Release|Any CPU.ActiveCfg = Release|Any CPU
		{F1286F8D-382C-4B6A-9D4E-4F3CA3C7FB28}.Release|Any CPU.Build.0 = Release|Any CPU
		{F1286F8D-382C-4B6A-9D4E-4F3CA3C7FB28}.Release|Any CPU.Deploy.0 = Release|Any CPU
	EndGlobalSection
	GlobalSection(SolutionProperties) = preSolution
		HideSolutionNode = FALSE
	EndGlobalSection
EndGlobal
