
Microsoft Visual Studio Solution File, Format Version 11.00
# Visual Studio 2010 Express for Windows Phone
Project("{FAE04EC0-301F-11D3-BF4B-00C04F79EFBC}") = "Ejemplo Recordatorios", "Ejemplo Recordatorios\Ejemplo Recordatorios.csproj", "{DD071F5A-23B4-4B7C-AA32-9DBE5C46602E}"
EndProject
Global
	GlobalSection(SolutionConfigurationPlatforms) = preSolution
		Debug|Any CPU = Debug|Any CPU
		Release|Any CPU = Release|Any CPU
	EndGlobalSection
	GlobalSection(ProjectConfigurationPlatforms) = postSolution
		{DD071F5A-23B4-4B7C-AA32-9DBE5C46602E}.Debug|Any CPU.ActiveCfg = Debug|Any CPU
		{DD071F5A-23B4-4B7C-AA32-9DBE5C46602E}.Debug|Any CPU.Build.0 = Debug|Any CPU
		{DD071F5A-23B4-4B7C-AA32-9DBE5C46602E}.Debug|Any CPU.Deploy.0 = Debug|Any CPU
		{DD071F5A-23B4-4B7C-AA32-9DBE5C46602E}.Release|Any CPU.ActiveCfg = Release|Any CPU
		{DD071F5A-23B4-4B7C-AA32-9DBE5C46602E}.Release|Any CPU.Build.0 = Release|Any CPU
		{DD071F5A-23B4-4B7C-AA32-9DBE5C46602E}.Release|Any CPU.Deploy.0 = Release|Any CPU
	EndGlobalSection
	GlobalSection(SolutionProperties) = preSolution
		HideSolutionNode = FALSE
	EndGlobalSection
EndGlobal
